
Microsoft Visual Studio Solution File, Format Version 12.00
# Visual Studio Version 17
VisualStudioVersion = 17.7.34202.233
MinimumVisualStudioVersion = 10.0.40219.1
Project("{FAE04EC0-301F-11D3-BF4B-00C04F79EFBC}") = "HausAufgabe02_2", "HausAufgabe02_2\HausAufgabe02_2.csproj", "{B02CF6F0-B107-4F49-94C7-293EBE62B6C3}"
EndProject
Global
	GlobalSection(SolutionConfigurationPlatforms) = preSolution
		Debug|Any CPU = Debug|Any CPU
		Release|Any CPU = Release|Any CPU
	EndGlobalSection
	GlobalSection(ProjectConfigurationPlatforms) = postSolution
		{B02CF6F0-B107-4F49-94C7-293EBE62B6C3}.Debug|Any CPU.ActiveCfg = Debug|Any CPU
		{B02CF6F0-B107-4F49-94C7-293EBE62B6C3}.Debug|Any CPU.Build.0 = Debug|Any CPU
		{B02CF6F0-B107-4F49-94C7-293EBE62B6C3}.Release|Any CPU.ActiveCfg = Release|Any CPU
		{B02CF6F0-B107-4F49-94C7-293EBE62B6C3}.Release|Any CPU.Build.0 = Release|Any CPU
	EndGlobalSection
	GlobalSection(SolutionProperties) = preSolution
		HideSolutionNode = FALSE
	EndGlobalSection
	GlobalSection(ExtensibilityGlobals) = postSolution
		SolutionGuid = {6763F710-8942-49EC-915C-5E9C0FF5181D}
	EndGlobalSection
EndGlobal
