
Microsoft Visual Studio Solution File, Format Version 12.00
# Visual Studio Version 17
VisualStudioVersion = 17.7.34202.233
MinimumVisualStudioVersion = 10.0.40219.1
Project("{FAE04EC0-301F-11D3-BF4B-00C04F79EFBC}") = "1.0_SteuerElemente", "1.0_SteuerElemente\1.0_SteuerElemente.csproj", "{BE7A5AF5-38D5-4DCC-BFD3-BA7162F7165B}"
EndProject
Global
	GlobalSection(SolutionConfigurationPlatforms) = preSolution
		Debug|Any CPU = Debug|Any CPU
		Release|Any CPU = Release|Any CPU
	EndGlobalSection
	GlobalSection(ProjectConfigurationPlatforms) = postSolution
		{BE7A5AF5-38D5-4DCC-BFD3-BA7162F7165B}.Debug|Any CPU.ActiveCfg = Debug|Any CPU
		{BE7A5AF5-38D5-4DCC-BFD3-BA7162F7165B}.Debug|Any CPU.Build.0 = Debug|Any CPU
		{BE7A5AF5-38D5-4DCC-BFD3-BA7162F7165B}.Release|Any CPU.ActiveCfg = Release|Any CPU
		{BE7A5AF5-38D5-4DCC-BFD3-BA7162F7165B}.Release|Any CPU.Build.0 = Release|Any CPU
	EndGlobalSection
	GlobalSection(SolutionProperties) = preSolution
		HideSolutionNode = FALSE
	EndGlobalSection
	GlobalSection(ExtensibilityGlobals) = postSolution
		SolutionGuid = {481365B6-1B6F-43B7-928F-490F66164A95}
	EndGlobalSection
EndGlobal
