
Microsoft Visual Studio Solution File, Format Version 12.00
# Visual Studio Version 17
VisualStudioVersion = 17.7.34202.233
MinimumVisualStudioVersion = 10.0.40219.1
Project("{FAE04EC0-301F-11D3-BF4B-00C04F79EFBC}") = "Hausaufgabe_1", "Hausaufgabe_1\Hausaufgabe_1.csproj", "{FB121D1C-8D3D-4344-9DD4-2D1404A29AAB}"
EndProject
Global
	GlobalSection(SolutionConfigurationPlatforms) = preSolution
		Debug|Any CPU = Debug|Any CPU
		Release|Any CPU = Release|Any CPU
	EndGlobalSection
	GlobalSection(ProjectConfigurationPlatforms) = postSolution
		{FB121D1C-8D3D-4344-9DD4-2D1404A29AAB}.Debug|Any CPU.ActiveCfg = Debug|Any CPU
		{FB121D1C-8D3D-4344-9DD4-2D1404A29AAB}.Debug|Any CPU.Build.0 = Debug|Any CPU
		{FB121D1C-8D3D-4344-9DD4-2D1404A29AAB}.Release|Any CPU.ActiveCfg = Release|Any CPU
		{FB121D1C-8D3D-4344-9DD4-2D1404A29AAB}.Release|Any CPU.Build.0 = Release|Any CPU
	EndGlobalSection
	GlobalSection(SolutionProperties) = preSolution
		HideSolutionNode = FALSE
	EndGlobalSection
	GlobalSection(ExtensibilityGlobals) = postSolution
		SolutionGuid = {A94A49C5-0F80-4A74-B0CB-0DFAA273B391}
	EndGlobalSection
EndGlobal
